
Microsoft Visual Studio Solution File, Format Version 12.00
# Visual Studio Version 16
VisualStudioVersion = 16.0.31019.35
MinimumVisualStudioVersion = 10.0.40219.1
Project("{FAE04EC0-301F-11D3-BF4B-00C04F79EFBC}") = "JsonClassGeneratorLib", "JsonClassGeneratorLib\JsonClassGeneratorLib.csproj", "{CC0CC10E-B4C3-4703-A331-E63FF20D20A1}"
EndProject
Project("{FAE04EC0-301F-11D3-BF4B-00C04F79EFBC}") = "TESTS-JSON-to-CSHARP", "TESTS-JSON-to-CSHARP\TESTS-JSON-to-CSHARP.csproj", "{57C13945-DF7F-4D99-B019-D896C5D04A14}"
EndProject
Project("{FAE04EC0-301F-11D3-BF4B-00C04F79EFBC}") = "TESTS-JSON-to-POJO", "TESTS-JSON-to-POJO\TESTS-JSON-to-POJO.csproj", "{6414A8C5-876A-45F3-ACFE-3F20850DB92C}"
EndProject
Project("{2150E333-8FDC-42A3-9474-1A3956D46DE8}") = "Solution Items", "Solution Items", "{E23990A2-E2AB-4DA6-AEB1-6B8B38952B54}"
	ProjectSection(SolutionItems) = preProject
		.editorconfig = .editorconfig
		.gitignore = .gitignore
	EndProjectSection
EndProject
Project("{FAE04EC0-301F-11D3-BF4B-00C04F79EFBC}") = "JsonClassGenerator.WinForms", "JsonClassGenerator.WinForms\JsonClassGenerator.WinForms.csproj", "{70704174-F6FD-496B-A316-EFD91DB1EFEE}"
EndProject
Project("{9A19103F-16F7-4668-BE54-9A1E7A4F7556}") = "TESTS-JSON-TO-PYTHON", "TESTS-JSON-TO-PYTHON\TESTS-JSON-TO-PYTHON.csproj", "{15977082-AEAD-45F3-8446-C227073F8FB0}"
EndProject
Project("{9A19103F-16F7-4668-BE54-9A1E7A4F7556}") = "ObjectInitializerGenerator", "ObjectInitializerGenerator\ObjectInitializerGenerator.csproj", "{AE1A7AFA-5BDE-4E7A-8E12-2D4DBF386975}"
EndProject
Project("{FAE04EC0-301F-11D3-BF4B-00C04F79EFBC}") = "TESTS-JSON-TO-DART", "TESTS-JSON-TO-DART\TESTS-JSON-TO-DART.csproj", "{909B70A1-53CD-4A00-9A3A-6EFBC885CA3E}"
EndProject
Global
	GlobalSection(SolutionConfigurationPlatforms) = preSolution
		Debug|Any CPU = Debug|Any CPU
		Release|Any CPU = Release|Any CPU
	EndGlobalSection
	GlobalSection(ProjectConfigurationPlatforms) = postSolution
		{CC0CC10E-B4C3-4703-A331-E63FF20D20A1}.Debug|Any CPU.ActiveCfg = Debug|Any CPU
		{CC0CC10E-B4C3-4703-A331-E63FF20D20A1}.Debug|Any CPU.Build.0 = Debug|Any CPU
		{CC0CC10E-B4C3-4703-A331-E63FF20D20A1}.Release|Any CPU.ActiveCfg = Release|Any CPU
		{CC0CC10E-B4C3-4703-A331-E63FF20D20A1}.Release|Any CPU.Build.0 = Release|Any CPU
		{57C13945-DF7F-4D99-B019-D896C5D04A14}.Debug|Any CPU.ActiveCfg = Debug|Any CPU
		{57C13945-DF7F-4D99-B019-D896C5D04A14}.Debug|Any CPU.Build.0 = Debug|Any CPU
		{57C13945-DF7F-4D99-B019-D896C5D04A14}.Release|Any CPU.ActiveCfg = Release|Any CPU
		{57C13945-DF7F-4D99-B019-D896C5D04A14}.Release|Any CPU.Build.0 = Release|Any CPU
		{6414A8C5-876A-45F3-ACFE-3F20850DB92C}.Debug|Any CPU.ActiveCfg = Debug|Any CPU
		{6414A8C5-876A-45F3-ACFE-3F20850DB92C}.Debug|Any CPU.Build.0 = Debug|Any CPU
		{6414A8C5-876A-45F3-ACFE-3F20850DB92C}.Release|Any CPU.ActiveCfg = Release|Any CPU
		{6414A8C5-876A-45F3-ACFE-3F20850DB92C}.Release|Any CPU.Build.0 = Release|Any CPU
		{70704174-F6FD-496B-A316-EFD91DB1EFEE}.Debug|Any CPU.ActiveCfg = Debug|Any CPU
		{70704174-F6FD-496B-A316-EFD91DB1EFEE}.Debug|Any CPU.Build.0 = Debug|Any CPU
		{70704174-F6FD-496B-A316-EFD91DB1EFEE}.Release|Any CPU.ActiveCfg = Release|Any CPU
		{70704174-F6FD-496B-A316-EFD91DB1EFEE}.Release|Any CPU.Build.0 = Release|Any CPU
		{15977082-AEAD-45F3-8446-C227073F8FB0}.Debug|Any CPU.ActiveCfg = Debug|Any CPU
		{15977082-AEAD-45F3-8446-C227073F8FB0}.Debug|Any CPU.Build.0 = Debug|Any CPU
		{15977082-AEAD-45F3-8446-C227073F8FB0}.Release|Any CPU.ActiveCfg = Release|Any CPU
		{15977082-AEAD-45F3-8446-C227073F8FB0}.Release|Any CPU.Build.0 = Release|Any CPU
		{AE1A7AFA-5BDE-4E7A-8E12-2D4DBF386975}.Debug|Any CPU.ActiveCfg = Debug|Any CPU
		{AE1A7AFA-5BDE-4E7A-8E12-2D4DBF386975}.Debug|Any CPU.Build.0 = Debug|Any CPU
		{AE1A7AFA-5BDE-4E7A-8E12-2D4DBF386975}.Release|Any CPU.ActiveCfg = Release|Any CPU
		{AE1A7AFA-5BDE-4E7A-8E12-2D4DBF386975}.Release|Any CPU.Build.0 = Release|Any CPU
		{909B70A1-53CD-4A00-9A3A-6EFBC885CA3E}.Debug|Any CPU.ActiveCfg = Debug|Any CPU
		{909B70A1-53CD-4A00-9A3A-6EFBC885CA3E}.Debug|Any CPU.Build.0 = Debug|Any CPU
		{909B70A1-53CD-4A00-9A3A-6EFBC885CA3E}.Release|Any CPU.ActiveCfg = Release|Any CPU
		{909B70A1-53CD-4A00-9A3A-6EFBC885CA3E}.Release|Any CPU.Build.0 = Release|Any CPU
	EndGlobalSection
	GlobalSection(SolutionProperties) = preSolution
		HideSolutionNode = FALSE
	EndGlobalSection
	GlobalSection(ExtensibilityGlobals) = postSolution
		SolutionGuid = {330DE151-3D78-4DE8-9B98-244A622D4379}
	EndGlobalSection
EndGlobal
